// !$*UTF8*$!
{
	archiveVersion = 1;
	classes = {
	};
	objectVersion = 50;
	objects = {

/* Begin PBXBuildFile section */
		D800C39221BEF22B009B70F4 /* AppDelegate.swift in Sources */ = {isa = PBXBuildFile; fileRef = D800C39121BEF22B009B70F4 /* AppDelegate.swift */; };
		D800C39421BEF22B009B70F4 /* ViewController.swift in Sources */ = {isa = PBXBuildFile; fileRef = D800C39321BEF22B009B70F4 /* ViewController.swift */; };
		D800C39721BEF22B009B70F4 /* Main.storyboard in Resources */ = {isa = PBXBuildFile; fileRef = D800C39521BEF22B009B70F4 /* Main.storyboard */; };
		D800C39921BEF22C009B70F4 /* Assets.xcassets in Resources */ = {isa = PBXBuildFile; fileRef = D800C39821BEF22C009B70F4 /* Assets.xcassets */; };
		D800C39C21BEF22C009B70F4 /* LaunchScreen.storyboard in Resources */ = {isa = PBXBuildFile; fileRef = D800C39A21BEF22C009B70F4 /* LaunchScreen.storyboard */; };
		D8EB877721C15D7B008960A8 /* Vector.swift in Sources */ = {isa = PBXBuildFile; fileRef = D8EB877621C15D7B008960A8 /* Vector.swift */; };
/* End PBXBuildFile section */

/* Begin PBXFileReference section */
		D800C38E21BEF22B009B70F4 /* VectorCalc.app */ = {isa = PBXFileReference; explicitFileType = wrapper.application; includeInIndex = 0; path = VectorCalc.app; sourceTree = BUILT_PRODUCTS_DIR; };
		D800C39121BEF22B009B70F4 /* AppDelegate.swift */ = {isa = PBXFileReference; lastKnownFileType = sourcecode.swift; path = AppDelegate.swift; sourceTree = "<group>"; };
		D800C39321BEF22B009B70F4 /* ViewController.swift */ = {isa = PBXFileReference; lastKnownFileType = sourcecode.swift; path = ViewController.swift; sourceTree = "<group>"; };
		D800C39621BEF22B009B70F4 /* Base */ = {isa = PBXFileReference; lastKnownFileType = file.storyboard; name = Base; path = Base.lproj/Main.storyboard; sourceTree = "<group>"; };
		D800C39821BEF22C009B70F4 /* Assets.xcassets */ = {isa = PBXFileReference; lastKnownFileType = folder.assetcatalog; path = Assets.xcassets; sourceTree = "<group>"; };
		D800C39B21BEF22C009B70F4 /* Base */ = {isa = PBXFileReference; lastKnownFileType = file.storyboard; name = Base; path = Base.lproj/LaunchScreen.storyboard; sourceTree = "<group>"; };
		D800C39D21BEF22C009B70F4 /* Info.plist */ = {isa = PBXFileReference; lastKnownFileType = text.plist.xml; path = Info.plist; sourceTree = "<group>"; };
		D8EB877621C15D7B008960A8 /* Vector.swift */ = {isa = PBXFileReference; lastKnownFileType = sourcecode.swift; path = Vector.swift; sourceTree = "<group>"; };
/* End PBXFileReference section */

/* Begin PBXFrameworksBuildPhase section */
		D800C38B21BEF22B009B70F4 /* Frameworks */ = {
			isa = PBXFrameworksBuildPhase;
			buildActionMask = 2147483647;
			files = (
			);
			runOnlyForDeploymentPostprocessing = 0;
		};
/* End PBXFrameworksBuildPhase section */

/* Begin PBXGroup section */
		D800C38521BEF22B009B70F4 = {
			isa = PBXGroup;
			children = (
				D800C39021BEF22B009B70F4 /* VectorCalc */,
				D800C38F21BEF22B009B70F4 /* Products */,
			);
			sourceTree = "<group>";
		};
		D800C38F21BEF22B009B70F4 /* Products */ = {
			isa = PBXGroup;
			children = (
				D800C38E21BEF22B009B70F4 /* VectorCalc.app */,
			);
			name = Products;
			sourceTree = "<group>";
		};
		D800C39021BEF22B009B70F4 /* VectorCalc */ = {
			isa = PBXGroup;
			children = (
				D800C39121BEF22B009B70F4 /* AppDelegate.swift */,
				D800C39321BEF22B009B70F4 /* ViewController.swift */,
				D8EB877621C15D7B008960A8 /* Vector.swift */,
				D800C39521BEF22B009B70F4 /* Main.storyboard */,
				D800C39821BEF22C009B70F4 /* Assets.xcassets */,
				D800C39A21BEF22C009B70F4 /* LaunchScreen.storyboard */,
				D800C39D21BEF22C009B70F4 /* Info.plist */,
			);
			path = VectorCalc;
			sourceTree = "<group>";
		};
/* End PBXGroup section */

/* Begin PBXNativeTarget section */
		D800C38D21BEF22B009B70F4 /* VectorCalc */ = {
			isa = PBXNativeTarget;
			buildConfigurationList = D800C3A021BEF22C009B70F4 /* Build configuration list for PBXNativeTarget "VectorCalc" */;
			buildPhases = (
				D800C38A21BEF22B009B70F4 /* Sources */,
				D800C38B21BEF22B009B70F4 /* Frameworks */,
				D800C38C21BEF22B009B70F4 /* Resources */,
			);
			buildRules = (
			);
			dependencies = (
			);
			name = VectorCalc;
			productName = VectorCalc;
			productReference = D800C38E21BEF22B009B70F4 /* VectorCalc.app */;
			productType = "com.apple.product-type.application";
		};
/* End PBXNativeTarget section */

/* Begin PBXProject section */
		D800C38621BEF22B009B70F4 /* Project object */ = {
			isa = PBXProject;
			attributes = {
				LastSwiftUpdateCheck = 1000;
				LastUpgradeCheck = 1000;
				ORGANIZATIONNAME = SamPoulin;
				TargetAttributes = {
					D800C38D21BEF22B009B70F4 = {
						CreatedOnToolsVersion = 10.0;
					};
				};
			};
			buildConfigurationList = D800C38921BEF22B009B70F4 /* Build configuration list for PBXProject "VectorCalc" */;
			compatibilityVersion = "Xcode 9.3";
			developmentRegion = en;
			hasScannedForEncodings = 0;
			knownRegions = (
				en,
				Base,
			);
			mainGroup = D800C38521BEF22B009B70F4;
			productRefGroup = D800C38F21BEF22B009B70F4 /* Products */;
			projectDirPath = "";
			projectRoot = "";
			targets = (
				D800C38D21BEF22B009B70F4 /* VectorCalc */,
			);
		};
/* End PBXProject section */

/* Begin PBXResourcesBuildPhase section */
		D800C38C21BEF22B009B70F4 /* Resources */ = {
			isa = PBXResourcesBuildPhase;
			buildActionMask = 2147483647;
			files = (
				D800C39C21BEF22C009B70F4 /* LaunchScreen.storyboard in Resources */,
				D800C39921BEF22C009B70F4 /* Assets.xcassets in Resources */,
				D800C39721BEF22B009B70F4 /* Main.storyboard in Resources */,
			);
			runOnlyForDeploymentPostprocessing = 0;
		};
/* End PBXResourcesBuildPhase section */

/* Begin PBXSourcesBuildPhase section */
		D800C38A21BEF22B009B70F4 /* Sources */ = {
			isa = PBXSourcesBuildPhase;
			buildActionMask = 2147483647;
			files = (
				D800C39421BEF22B009B70F4 /* ViewController.swift in Sources */,
				D8EB877721C15D7B008960A8 /* Vector.swift in Sources */,
				D800C39221BEF22B009B70F4 /* AppDelegate.swift in Sources */,
			);
			runOnlyForDeploymentPostprocessing = 0;
		};
/* End PBXSourcesBuildPhase section */

/* Begin PBXVariantGroup section */
		D800C39521BEF22B009B70F4 /* Main.storyboard */ = {
			isa = PBXVariantGroup;
			children = (
				D800C39621BEF22B009B70F4 /* Base */,
			);
			name = Main.storyboard;
			sourceTree = "<group>";
		};
		D800C39A21BEF22C009B70F4 /* LaunchScreen.storyboard */ = {
			isa = PBXVariantGroup;
			children = (
				D800C39B21BEF22C009B70F4 /* Base */,
			);
			name = LaunchScreen.storyboard;
			sourceTree = "<group>";
		};
/* End PBXVariantGroup section */

/* Begin XCBuildConfiguration section */
		D800C39E21BEF22C009B70F4 /* Debug */ = {
			isa = XCBuildConfiguration;
			buildSettings = {
				ALWAYS_SEARCH_USER_PATHS = NO;
				CLANG_ANALYZER_NONNULL = YES;
				CLANG_ANALYZER_NUMBER_OBJECT_CONVERSION = YES_AGGRESSIVE;
				CLANG_CXX_LANGUAGE_STANDARD = "gnu++14";
				CLANG_CXX_LIBRARY = "libc++";
				CLANG_ENABLE_MODULES = YES;
				CLANG_ENABLE_OBJC_ARC = YES;
				CLANG_ENABLE_OBJC_WEAK = YES;
				CLANG_WARN_BLOCK_CAPTURE_AUTORELEASING = YES;
				CLANG_WARN_BOOL_CONVERSION = YES;
				CLANG_WARN_COMMA = YES;
				CLANG_WARN_CONSTANT_CONVERSION = YES;
				CLANG_WARN_DEPRECATED_OBJC_IMPLEMENTATIONS = YES;
				CLANG_WARN_DIRECT_OBJC_ISA_USAGE = YES_ERROR;
				CLANG_WARN_DOCUMENTATION_COMMENTS = YES;
				CLANG_WARN_EMPTY_BODY = YES;
				CLANG_WARN_ENUM_CONVERSION = YES;
				CLANG_WARN_INFINITE_RECURSION = YES;
				CLANG_WARN_INT_CONVERSION = YES;
				CLANG_WARN_NON_LITERAL_NULL_CONVERSION = YES;
				CLANG_WARN_OBJC_IMPLICIT_RETAIN_SELF = YES;
				CLANG_WARN_OBJC_LITERAL_CONVERSION = YES;
				CLANG_WARN_OBJC_ROOT_CLASS = YES_ERROR;
				CLANG_WARN_RANGE_LOOP_ANALYSIS = YES;
				CLANG_WARN_STRICT_PROTOTYPES = YES;
				CLANG_WARN_SUSPICIOUS_MOVE = YES;
				CLANG_WARN_UNGUARDED_AVAILABILITY = YES_AGGRESSIVE;
				CLANG_WARN_UNREACHABLE_CODE = YES;
				CLANG_WARN__DUPLICATE_METHOD_MATCH = YES;
				CODE_SIGN_IDENTITY = "iPhone Developer";
				COPY_PHASE_STRIP = NO;
				DEBUG_INFORMATION_FORMAT = dwarf;
				ENABLE_STRICT_OBJC_MSGSEND = YES;
				ENABLE_TESTABILITY = YES;
				GCC_C_LANGUAGE_STANDARD = gnu11;
				GCC_DYNAMIC_NO_PIC = NO;
				GCC_NO_COMMON_BLOCKS = YES;
				GCC_OPTIMIZATION_LEVEL = 0;
				GCC_PREPROCESSOR_DEFINITIONS = (
					"DEBUG=1",
					"$(inherited)",
				);
				GCC_WARN_64_TO_32_BIT_CONVERSION = YES;
				GCC_WARN_ABOUT_RETURN_TYPE = YES_ERROR;
				GCC_WARN_UNDECLARED_SELECTOR = YES;
				GCC_WARN_UNINITIALIZED_AUTOS = YES_AGGRESSIVE;
				GCC_WARN_UNUSED_FUNCTION = YES;
				GCC_WARN_UNUSED_VARIABLE = YES;
				IPHONEOS_DEPLOYMENT_TARGET = 12.0;
				MTL_ENABLE_DEBUG_INFO = INCLUDE_SOURCE;
				MTL_FAST_MATH = YES;
				ONLY_ACTIVE_ARCH = YES;
				SDKROOT = iphoneos;
				SWIFT_ACTIVE_COMPILATION_CONDITIONS = DEBUG;
				SWIFT_OPTIMIZATION_LEVEL = "-Onone";
			};
			name = Debug;
		};
		D800C39F21BEF22C009B70F4 /* Release */ = {
			isa = XCBuildConfiguration;
			buildSettings = {
				ALWAYS_SEARCH_USER_PATHS = NO;
				CLANG_ANALYZER_NONNULL = YES;
				CLANG_ANALYZER_NUMBER_OBJECT_CONVERSION = YES_AGGRESSIVE;
				CLANG_CXX_LANGUAGE_STANDARD = "gnu++14";
				CLANG_CXX_LIBRARY = "libc++";
				CLANG_ENABLE_MODULES = YES;
				CLANG_ENABLE_OBJC_ARC = YES;
				CLANG_ENABLE_OBJC_WEAK = YES;
				CLANG_WARN_BLOCK_CAPTURE_AUTORELEASING = YES;
				CLANG_WARN_BOOL_CONVERSION = YES;
				CLANG_WARN_COMMA = YES;
				CLANG_WARN_CONSTANT_CONVERSION = YES;
				CLANG_WARN_DEPRECATED_OBJC_IMPLEMENTATIONS = YES;
				CLANG_WARN_DIRECT_OBJC_ISA_USAGE = YES_ERROR;
				CLANG_WARN_DOCUMENTATION_COMMENTS = YES;
				CLANG_WARN_EMPTY_BODY = YES;
				CLANG_WARN_ENUM_CONVERSION = YES;
				CLANG_WARN_INFINITE_RECURSION = YES;
				CLANG_WARN_INT_CONVERSION = YES;
				CLANG_WARN_NON_LITERAL_NULL_CONVERSION = YES;
				CLANG_WARN_OBJC_IMPLICIT_RETAIN_SELF = YES;
				CLANG_WARN_OBJC_LITERAL_CONVERSION = YES;
				CLANG_WARN_OBJC_ROOT_CLASS = YES_ERROR;
				CLANG_WARN_RANGE_LOOP_ANALYSIS = YES;
				CLANG_WARN_STRICT_PROTOTYPES = YES;
				CLANG_WARN_SUSPICIOUS_MOVE = YES;
				CLANG_WARN_UNGUARDED_AVAILABILITY = YES_AGGRESSIVE;
				CLANG_WARN_UNREACHABLE_CODE = YES;
				CLANG_WARN__DUPLICATE_METHOD_MATCH = YES;
				CODE_SIGN_IDENTITY = "iPhone Developer";
				COPY_PHASE_STRIP = NO;
				DEBUG_INFORMATION_FORMAT = "dwarf-with-dsym";
				ENABLE_NS_ASSERTIONS = NO;
				ENABLE_STRICT_OBJC_MSGSEND = YES;
				GCC_C_LANGUAGE_STANDARD = gnu11;
				GCC_NO_COMMON_BLOCKS = YES;
				GCC_WARN_64_TO_32_BIT_CONVERSION = YES;
				GCC_WARN_ABOUT_RETURN_TYPE = YES_ERROR;
				GCC_WARN_UNDECLARED_SELECTOR = YES;
				GCC_WARN_UNINITIALIZED_AUTOS = YES_AGGRESSIVE;
				GCC_WARN_UNUSED_FUNCTION = YES;
				GCC_WARN_UNUSED_VARIABLE = YES;
				IPHONEOS_DEPLOYMENT_TARGET = 12.0;
				MTL_ENABLE_DEBUG_INFO = NO;
				MTL_FAST_MATH = YES;
				SDKROOT = iphoneos;
				SWIFT_COMPILATION_MODE = wholemodule;
				SWIFT_OPTIMIZATION_LEVEL = "-O";
				VALIDATE_PRODUCT = YES;
			};
			name = Release;
		};
		D800C3A121BEF22C009B70F4 /* Debug */ = {
			isa = XCBuildConfiguration;
			buildSettings = {
				ASSETCATALOG_COMPILER_APPICON_NAME = AppIcon;
				CODE_SIGN_STYLE = Automatic;
				DEVELOPMENT_TEAM = 8V7C97LRCX;
				INFOPLIST_FILE = VectorCalc/Info.plist;
				LD_RUNPATH_SEARCH_PATHS = (
					"$(inherited)",
					"@executable_path/Frameworks",
				);
				PRODUCT_BUNDLE_IDENTIFIER = com.SamPoulin.VectorCalc;
				PRODUCT_NAME = "$(TARGET_NAME)";
				SWIFT_VERSION = 4.2;
				TARGETED_DEVICE_FAMILY = "1,2";
			};
			name = Debug;
		};
		D800C3A221BEF22C009B70F4 /* Release */ = {
			isa = XCBuildConfiguration;
			buildSettings = {
				ASSETCATALOG_COMPILER_APPICON_NAME = AppIcon;
				CODE_SIGN_STYLE = Automatic;
				DEVELOPMENT_TEAM = 8V7C97LRCX;
				INFOPLIST_FILE = VectorCalc/Info.plist;
				LD_RUNPATH_SEARCH_PATHS = (
					"$(inherited)",
					"@executable_path/Frameworks",
				);
				PRODUCT_BUNDLE_IDENTIFIER = com.SamPoulin.VectorCalc;
				PRODUCT_NAME = "$(TARGET_NAME)";
				SWIFT_VERSION = 4.2;
				TARGETED_DEVICE_FAMILY = "1,2";
			};
			name = Release;
		};
/* End XCBuildConfiguration section */

/* Begin XCConfigurationList section */
		D800C38921BEF22B009B70F4 /* Build configuration list for PBXProject "VectorCalc" */ = {
			isa = XCConfigurationList;
			buildConfigurations = (
				D800C39E21BEF22C009B70F4 /* Debug */,
				D800C39F21BEF22C009B70F4 /* Release */,
			);
			defaultConfigurationIsVisible = 0;
			defaultConfigurationName = Release;
		};
		D800C3A021BEF22C009B70F4 /* Build configuration list for PBXNativeTarget "VectorCalc" */ = {
			isa = XCConfigurationList;
			buildConfigurations = (
				D800C3A121BEF22C009B70F4 /* Debug */,
				D800C3A221BEF22C009B70F4 /* Release */,
			);
			defaultConfigurationIsVisible = 0;
			defaultConfigurationName = Release;
		};
/* End XCConfigurationList section */
	};
	rootObject = D800C38621BEF22B009B70F4 /* Project object */;
}
